
Microsoft Visual Studio Solution File, Format Version 12.00
# Visual Studio 14
VisualStudioVersion = 14.0.23107.0
MinimumVisualStudioVersion = 10.0.40219.1
Project("{FAE04EC0-301F-11D3-BF4B-00C04F79EFBC}") = "TestProject", "TestProject\TestProject.csproj", "{12501A89-3FDF-4D29-BA21-49A933796E83}"
EndProject
Project("{FAE04EC0-301F-11D3-BF4B-00C04F79EFBC}") = "Model", "Model\Model.csproj", "{FDB04940-3EED-4162-AC38-152633568844}"
EndProject
Project("{FAE04EC0-301F-11D3-BF4B-00C04F79EFBC}") = "IDAL", "IDAL\IDAL.csproj", "{D9E667F9-B026-42EF-8204-291A797AFB0D}"
EndProject
Project("{FAE04EC0-301F-11D3-BF4B-00C04F79EFBC}") = "DAL", "DAL\DAL.csproj", "{E0259F0B-0B91-4111-A01C-5FBD72B6B6D9}"
EndProject
Project("{FAE04EC0-301F-11D3-BF4B-00C04F79EFBC}") = "BLL", "BLL\BLL.csproj", "{794971A1-3D03-4BFA-8F88-E8FBF2C866A8}"
EndProject
Project("{FAE04EC0-301F-11D3-BF4B-00C04F79EFBC}") = "IBLL", "IBLL\IBLL.csproj", "{1176C794-9CDD-4386-BC89-075F51901FEF}"
EndProject
Global
	GlobalSection(SolutionConfigurationPlatforms) = preSolution
		Debug|Any CPU = Debug|Any CPU
		Release|Any CPU = Release|Any CPU
	EndGlobalSection
	GlobalSection(ProjectConfigurationPlatforms) = postSolution
		{12501A89-3FDF-4D29-BA21-49A933796E83}.Debug|Any CPU.ActiveCfg = Debug|Any CPU
		{12501A89-3FDF-4D29-BA21-49A933796E83}.Debug|Any CPU.Build.0 = Debug|Any CPU
		{12501A89-3FDF-4D29-BA21-49A933796E83}.Release|Any CPU.ActiveCfg = Release|Any CPU
		{12501A89-3FDF-4D29-BA21-49A933796E83}.Release|Any CPU.Build.0 = Release|Any CPU
		{FDB04940-3EED-4162-AC38-152633568844}.Debug|Any CPU.ActiveCfg = Debug|Any CPU
		{FDB04940-3EED-4162-AC38-152633568844}.Debug|Any CPU.Build.0 = Debug|Any CPU
		{FDB04940-3EED-4162-AC38-152633568844}.Release|Any CPU.ActiveCfg = Release|Any CPU
		{FDB04940-3EED-4162-AC38-152633568844}.Release|Any CPU.Build.0 = Release|Any CPU
		{D9E667F9-B026-42EF-8204-291A797AFB0D}.Debug|Any CPU.ActiveCfg = Debug|Any CPU
		{D9E667F9-B026-42EF-8204-291A797AFB0D}.Debug|Any CPU.Build.0 = Debug|Any CPU
		{D9E667F9-B026-42EF-8204-291A797AFB0D}.Release|Any CPU.ActiveCfg = Release|Any CPU
		{D9E667F9-B026-42EF-8204-291A797AFB0D}.Release|Any CPU.Build.0 = Release|Any CPU
		{E0259F0B-0B91-4111-A01C-5FBD72B6B6D9}.Debug|Any CPU.ActiveCfg = Debug|Any CPU
		{E0259F0B-0B91-4111-A01C-5FBD72B6B6D9}.Debug|Any CPU.Build.0 = Debug|Any CPU
		{E0259F0B-0B91-4111-A01C-5FBD72B6B6D9}.Release|Any CPU.ActiveCfg = Release|Any CPU
		{E0259F0B-0B91-4111-A01C-5FBD72B6B6D9}.Release|Any CPU.Build.0 = Release|Any CPU
		{794971A1-3D03-4BFA-8F88-E8FBF2C866A8}.Debug|Any CPU.ActiveCfg = Debug|Any CPU
		{794971A1-3D03-4BFA-8F88-E8FBF2C866A8}.Debug|Any CPU.Build.0 = Debug|Any CPU
		{794971A1-3D03-4BFA-8F88-E8FBF2C866A8}.Release|Any CPU.ActiveCfg = Release|Any CPU
		{794971A1-3D03-4BFA-8F88-E8FBF2C866A8}.Release|Any CPU.Build.0 = Release|Any CPU
		{1176C794-9CDD-4386-BC89-075F51901FEF}.Debug|Any CPU.ActiveCfg = Debug|Any CPU
		{1176C794-9CDD-4386-BC89-075F51901FEF}.Debug|Any CPU.Build.0 = Debug|Any CPU
		{1176C794-9CDD-4386-BC89-075F51901FEF}.Release|Any CPU.ActiveCfg = Release|Any CPU
		{1176C794-9CDD-4386-BC89-075F51901FEF}.Release|Any CPU.Build.0 = Release|Any CPU
	EndGlobalSection
	GlobalSection(SolutionProperties) = preSolution
		HideSolutionNode = FALSE
	EndGlobalSection
EndGlobal
